// !$*UTF8*$!
{
	archiveVersion = 1;
	classes = {
	};
	objectVersion = 55;
	objects = {

/* Begin PBXBuildFile section */
		11D3DA371E2CAE6ADE27B678 /* Pods_Elektrihind.framework in Frameworks */ = {isa = PBXBuildFile; fileRef = 6477DF553BFACBA098C47C46 /* Pods_Elektrihind.framework */; };
		A214594C28E5DD4C00FDB205 /* TitleView.swift in Sources */ = {isa = PBXBuildFile; fileRef = A214594B28E5DD4C00FDB205 /* TitleView.swift */; };
		A214594E28E5DD9B00FDB205 /* CurrentPriceView.swift in Sources */ = {isa = PBXBuildFile; fileRef = A214594D28E5DD9B00FDB205 /* CurrentPriceView.swift */; };
		A214595028E5DDCA00FDB205 /* MinMaxRangeView.swift in Sources */ = {isa = PBXBuildFile; fileRef = A214594F28E5DDCA00FDB205 /* MinMaxRangeView.swift */; };
		A22579F22767F74600F8E3AB /* TodayView.swift in Sources */ = {isa = PBXBuildFile; fileRef = A22579F12767F74600F8E3AB /* TodayView.swift */; };
		A22579F42767F76E00F8E3AB /* TomorrowView.swift in Sources */ = {isa = PBXBuildFile; fileRef = A22579F32767F76E00F8E3AB /* TomorrowView.swift */; };
		A245280929943F5E0021661E /* Banner.swift in Sources */ = {isa = PBXBuildFile; fileRef = A245280829943F5D0021661E /* Banner.swift */; };
		A245280B299827580021661E /* GoogleService-Info.plist in Resources */ = {isa = PBXBuildFile; fileRef = A245280A299827570021661E /* GoogleService-Info.plist */; };
		A24A964928E63EC300B74E14 /* LaunchScreen.storyboard in Resources */ = {isa = PBXBuildFile; fileRef = A24A964828E63EC300B74E14 /* LaunchScreen.storyboard */; };
		A258EFCE29DB3E7700B0B27D /* ConnectionLostView.swift in Sources */ = {isa = PBXBuildFile; fileRef = A258EFCD29DB3E7700B0B27D /* ConnectionLostView.swift */; };
		A258EFD029DB7A2900B0B27D /* CurrentPriceViewModel.swift in Sources */ = {isa = PBXBuildFile; fileRef = A258EFCF29DB7A2900B0B27D /* CurrentPriceViewModel.swift */; };
		A258EFD229DDE00D00B0B27D /* ChartView.swift in Sources */ = {isa = PBXBuildFile; fileRef = A258EFD129DDE00D00B0B27D /* ChartView.swift */; };
		A258EFD429DDE06300B0B27D /* ChartViewModel.swift in Sources */ = {isa = PBXBuildFile; fileRef = A258EFD329DDE06300B0B27D /* ChartViewModel.swift */; };
		A25AC1C72767FBC800C9610F /* SettingsView.swift in Sources */ = {isa = PBXBuildFile; fileRef = A25AC1C62767FBC800C9610F /* SettingsView.swift */; };
		A25AC1C92768009C00C9610F /* Globals.swift in Sources */ = {isa = PBXBuildFile; fileRef = A25AC1C82768009C00C9610F /* Globals.swift */; };
		A26E31E629C5169500B080D4 /* UpdaterViewModel.swift in Sources */ = {isa = PBXBuildFile; fileRef = A26E31E529C5169500B080D4 /* UpdaterViewModel.swift */; };
		A2B155B227458EE2004B1B02 /* ElektrihindApp.swift in Sources */ = {isa = PBXBuildFile; fileRef = A2B155B127458EE2004B1B02 /* ElektrihindApp.swift */; };
		A2B155B427458EE2004B1B02 /* ContentView.swift in Sources */ = {isa = PBXBuildFile; fileRef = A2B155B327458EE2004B1B02 /* ContentView.swift */; };
		A2B155B627458EE4004B1B02 /* Assets.xcassets in Resources */ = {isa = PBXBuildFile; fileRef = A2B155B527458EE4004B1B02 /* Assets.xcassets */; };
		A2B155B927458EE4004B1B02 /* Preview Assets.xcassets in Resources */ = {isa = PBXBuildFile; fileRef = A2B155B827458EE4004B1B02 /* Preview Assets.xcassets */; };
		A2B155C027459138004B1B02 /* NordPoolPrice.swift in Sources */ = {isa = PBXBuildFile; fileRef = A2B155BF27459138004B1B02 /* NordPoolPrice.swift */; };
		A2B155C2274599E7004B1B02 /* Network.swift in Sources */ = {isa = PBXBuildFile; fileRef = A2B155C1274599E7004B1B02 /* Network.swift */; };
		A2B155C72745B070004B1B02 /* Extensions.swift in Sources */ = {isa = PBXBuildFile; fileRef = A2B155C62745B070004B1B02 /* Extensions.swift */; };
		A2D2C49A27727AB6009596E9 /* Localizable.strings in Resources */ = {isa = PBXBuildFile; fileRef = A2D2C49C27727AB6009596E9 /* Localizable.strings */; };
		A2D6DD56279A05A60007B14A /* BarChartView.swift in Sources */ = {isa = PBXBuildFile; fileRef = A2D6DD55279A05A60007B14A /* BarChartView.swift */; };
		A2D6DD59279A061F0007B14A /* BarChartGlobals.swift in Sources */ = {isa = PBXBuildFile; fileRef = A2D6DD58279A061F0007B14A /* BarChartGlobals.swift */; };
		A2D6DD5B279A06700007B14A /* BarChartRow.swift in Sources */ = {isa = PBXBuildFile; fileRef = A2D6DD5A279A06700007B14A /* BarChartRow.swift */; };
		A2D6DD5D279A06AC0007B14A /* BarChartCell.swift in Sources */ = {isa = PBXBuildFile; fileRef = A2D6DD5C279A06AC0007B14A /* BarChartCell.swift */; };
		A2D6DD5F279A0B6B0007B14A /* Legend.swift in Sources */ = {isa = PBXBuildFile; fileRef = A2D6DD5E279A0B6A0007B14A /* Legend.swift */; };
		A2F9DFBD27653EFB006E4730 /* TabBarView.swift in Sources */ = {isa = PBXBuildFile; fileRef = A2F9DFBC27653EFB006E4730 /* TabBarView.swift */; };
/* End PBXBuildFile section */

/* Begin PBXFileReference section */
		5BA2A1BC711A287CB4BD1D51 /* Pods-Elektrihind.debug.xcconfig */ = {isa = PBXFileReference; includeInIndex = 1; lastKnownFileType = text.xcconfig; name = "Pods-Elektrihind.debug.xcconfig"; path = "Target Support Files/Pods-Elektrihind/Pods-Elektrihind.debug.xcconfig"; sourceTree = "<group>"; };
		6477DF553BFACBA098C47C46 /* Pods_Elektrihind.framework */ = {isa = PBXFileReference; explicitFileType = wrapper.framework; includeInIndex = 0; path = Pods_Elektrihind.framework; sourceTree = BUILT_PRODUCTS_DIR; };
		76787FAD02B622C5FA63B497 /* Pods-Elektrihind.release.xcconfig */ = {isa = PBXFileReference; includeInIndex = 1; lastKnownFileType = text.xcconfig; name = "Pods-Elektrihind.release.xcconfig"; path = "Target Support Files/Pods-Elektrihind/Pods-Elektrihind.release.xcconfig"; sourceTree = "<group>"; };
		A214594B28E5DD4C00FDB205 /* TitleView.swift */ = {isa = PBXFileReference; lastKnownFileType = sourcecode.swift; path = TitleView.swift; sourceTree = "<group>"; };
		A214594D28E5DD9B00FDB205 /* CurrentPriceView.swift */ = {isa = PBXFileReference; lastKnownFileType = sourcecode.swift; path = CurrentPriceView.swift; sourceTree = "<group>"; };
		A214594F28E5DDCA00FDB205 /* MinMaxRangeView.swift */ = {isa = PBXFileReference; lastKnownFileType = sourcecode.swift; path = MinMaxRangeView.swift; sourceTree = "<group>"; };
		A22579F12767F74600F8E3AB /* TodayView.swift */ = {isa = PBXFileReference; lastKnownFileType = sourcecode.swift; path = TodayView.swift; sourceTree = "<group>"; };
		A22579F32767F76E00F8E3AB /* TomorrowView.swift */ = {isa = PBXFileReference; lastKnownFileType = sourcecode.swift; path = TomorrowView.swift; sourceTree = "<group>"; };
		A233FEE427669DE100FEDA9C /* Info.plist */ = {isa = PBXFileReference; lastKnownFileType = text.plist; path = Info.plist; sourceTree = "<group>"; };
		A245280829943F5D0021661E /* Banner.swift */ = {isa = PBXFileReference; fileEncoding = 4; lastKnownFileType = sourcecode.swift; path = Banner.swift; sourceTree = "<group>"; };
		A245280A299827570021661E /* GoogleService-Info.plist */ = {isa = PBXFileReference; fileEncoding = 4; lastKnownFileType = text.plist.xml; path = "GoogleService-Info.plist"; sourceTree = "<group>"; };
		A24A964828E63EC300B74E14 /* LaunchScreen.storyboard */ = {isa = PBXFileReference; lastKnownFileType = file.storyboard; path = LaunchScreen.storyboard; sourceTree = "<group>"; };
		A258EFCD29DB3E7700B0B27D /* ConnectionLostView.swift */ = {isa = PBXFileReference; lastKnownFileType = sourcecode.swift; path = ConnectionLostView.swift; sourceTree = "<group>"; };
		A258EFCF29DB7A2900B0B27D /* CurrentPriceViewModel.swift */ = {isa = PBXFileReference; lastKnownFileType = sourcecode.swift; path = CurrentPriceViewModel.swift; sourceTree = "<group>"; };
		A258EFD129DDE00D00B0B27D /* ChartView.swift */ = {isa = PBXFileReference; lastKnownFileType = sourcecode.swift; path = ChartView.swift; sourceTree = "<group>"; };
		A258EFD329DDE06300B0B27D /* ChartViewModel.swift */ = {isa = PBXFileReference; lastKnownFileType = sourcecode.swift; path = ChartViewModel.swift; sourceTree = "<group>"; };
		A25AC1C62767FBC800C9610F /* SettingsView.swift */ = {isa = PBXFileReference; lastKnownFileType = sourcecode.swift; path = SettingsView.swift; sourceTree = "<group>"; };
		A25AC1C82768009C00C9610F /* Globals.swift */ = {isa = PBXFileReference; lastKnownFileType = sourcecode.swift; path = Globals.swift; sourceTree = "<group>"; };
		A26E31E529C5169500B080D4 /* UpdaterViewModel.swift */ = {isa = PBXFileReference; lastKnownFileType = sourcecode.swift; path = UpdaterViewModel.swift; sourceTree = "<group>"; };
		A2B155AE27458EE2004B1B02 /* Elektrihind.app */ = {isa = PBXFileReference; explicitFileType = wrapper.application; includeInIndex = 0; path = Elektrihind.app; sourceTree = BUILT_PRODUCTS_DIR; };
		A2B155B127458EE2004B1B02 /* ElektrihindApp.swift */ = {isa = PBXFileReference; lastKnownFileType = sourcecode.swift; path = ElektrihindApp.swift; sourceTree = "<group>"; };
		A2B155B327458EE2004B1B02 /* ContentView.swift */ = {isa = PBXFileReference; lastKnownFileType = sourcecode.swift; path = ContentView.swift; sourceTree = "<group>"; };
		A2B155B527458EE4004B1B02 /* Assets.xcassets */ = {isa = PBXFileReference; lastKnownFileType = folder.assetcatalog; path = Assets.xcassets; sourceTree = "<group>"; };
		A2B155B827458EE4004B1B02 /* Preview Assets.xcassets */ = {isa = PBXFileReference; lastKnownFileType = folder.assetcatalog; path = "Preview Assets.xcassets"; sourceTree = "<group>"; };
		A2B155BF27459138004B1B02 /* NordPoolPrice.swift */ = {isa = PBXFileReference; lastKnownFileType = sourcecode.swift; path = NordPoolPrice.swift; sourceTree = "<group>"; };
		A2B155C1274599E7004B1B02 /* Network.swift */ = {isa = PBXFileReference; lastKnownFileType = sourcecode.swift; path = Network.swift; sourceTree = "<group>"; };
		A2B155C62745B070004B1B02 /* Extensions.swift */ = {isa = PBXFileReference; lastKnownFileType = sourcecode.swift; path = Extensions.swift; sourceTree = "<group>"; };
		A2D2C49B27727AB6009596E9 /* en */ = {isa = PBXFileReference; lastKnownFileType = text.plist.strings; name = en; path = en.lproj/Localizable.strings; sourceTree = "<group>"; };
		A2D2C49D27727AB9009596E9 /* et */ = {isa = PBXFileReference; lastKnownFileType = text.plist.strings; name = et; path = et.lproj/Localizable.strings; sourceTree = "<group>"; };
		A2D6DD55279A05A60007B14A /* BarChartView.swift */ = {isa = PBXFileReference; lastKnownFileType = sourcecode.swift; path = BarChartView.swift; sourceTree = "<group>"; };
		A2D6DD58279A061F0007B14A /* BarChartGlobals.swift */ = {isa = PBXFileReference; lastKnownFileType = sourcecode.swift; path = BarChartGlobals.swift; sourceTree = "<group>"; };
		A2D6DD5A279A06700007B14A /* BarChartRow.swift */ = {isa = PBXFileReference; lastKnownFileType = sourcecode.swift; path = BarChartRow.swift; sourceTree = "<group>"; };
		A2D6DD5C279A06AC0007B14A /* BarChartCell.swift */ = {isa = PBXFileReference; lastKnownFileType = sourcecode.swift; path = BarChartCell.swift; sourceTree = "<group>"; };
		A2D6DD5E279A0B6A0007B14A /* Legend.swift */ = {isa = PBXFileReference; lastKnownFileType = sourcecode.swift; path = Legend.swift; sourceTree = "<group>"; };
		A2F9DFBC27653EFB006E4730 /* TabBarView.swift */ = {isa = PBXFileReference; lastKnownFileType = sourcecode.swift; path = TabBarView.swift; sourceTree = "<group>"; };
/* End PBXFileReference section */

/* Begin PBXFrameworksBuildPhase section */
		A2B155AB27458EE2004B1B02 /* Frameworks */ = {
			isa = PBXFrameworksBuildPhase;
			buildActionMask = 2147483647;
			files = (
				11D3DA371E2CAE6ADE27B678 /* Pods_Elektrihind.framework in Frameworks */,
			);
			runOnlyForDeploymentPostprocessing = 0;
		};
/* End PBXFrameworksBuildPhase section */

/* Begin PBXGroup section */
		4C0010EB2A6C3A8C41613926 /* Pods */ = {
			isa = PBXGroup;
			children = (
				5BA2A1BC711A287CB4BD1D51 /* Pods-Elektrihind.debug.xcconfig */,
				76787FAD02B622C5FA63B497 /* Pods-Elektrihind.release.xcconfig */,
			);
			path = Pods;
			sourceTree = "<group>";
		};
		A22579F52767F79700F8E3AB /* View */ = {
			isa = PBXGroup;
			children = (
				A22579F12767F74600F8E3AB /* TodayView.swift */,
				A22579F32767F76E00F8E3AB /* TomorrowView.swift */,
				A25AC1C62767FBC800C9610F /* SettingsView.swift */,
				A258EFD129DDE00D00B0B27D /* ChartView.swift */,
				A258EFD329DDE06300B0B27D /* ChartViewModel.swift */,
				A258EFCD29DB3E7700B0B27D /* ConnectionLostView.swift */,
				A2F9DFBC27653EFB006E4730 /* TabBarView.swift */,
				A214594B28E5DD4C00FDB205 /* TitleView.swift */,
				A214594D28E5DD9B00FDB205 /* CurrentPriceView.swift */,
				A258EFCF29DB7A2900B0B27D /* CurrentPriceViewModel.swift */,
				A214594F28E5DDCA00FDB205 /* MinMaxRangeView.swift */,
				A245280829943F5D0021661E /* Banner.swift */,
				A24A964828E63EC300B74E14 /* LaunchScreen.storyboard */,
			);
			path = View;
			sourceTree = "<group>";
		};
		A22579F62767F7B200F8E3AB /* Network */ = {
			isa = PBXGroup;
			children = (
				A2B155C1274599E7004B1B02 /* Network.swift */,
			);
			path = Network;
			sourceTree = "<group>";
		};
		A22579F72767F7C300F8E3AB /* Models */ = {
			isa = PBXGroup;
			children = (
				A25AC1C82768009C00C9610F /* Globals.swift */,
				A2B155BF27459138004B1B02 /* NordPoolPrice.swift */,
				A26E31E529C5169500B080D4 /* UpdaterViewModel.swift */,
			);
			path = Models;
			sourceTree = "<group>";
		};
		A2B155A527458EE2004B1B02 = {
			isa = PBXGroup;
			children = (
				A2B155B027458EE2004B1B02 /* Elektrihind */,
				A2B155AF27458EE2004B1B02 /* Products */,
				4C0010EB2A6C3A8C41613926 /* Pods */,
				D13B5C6DC76B0C267995EE16 /* Frameworks */,
			);
			sourceTree = "<group>";
		};
		A2B155AF27458EE2004B1B02 /* Products */ = {
			isa = PBXGroup;
			children = (
				A2B155AE27458EE2004B1B02 /* Elektrihind.app */,
			);
			name = Products;
			sourceTree = "<group>";
		};
		A2B155B027458EE2004B1B02 /* Elektrihind */ = {
			isa = PBXGroup;
			children = (
				A233FEE427669DE100FEDA9C /* Info.plist */,
				A245280A299827570021661E /* GoogleService-Info.plist */,
				A2B155B127458EE2004B1B02 /* ElektrihindApp.swift */,
				A2B155B327458EE2004B1B02 /* ContentView.swift */,
				A22579F62767F7B200F8E3AB /* Network */,
				A2D6DD57279A06070007B14A /* BarChartView */,
				A22579F52767F79700F8E3AB /* View */,
				A22579F72767F7C300F8E3AB /* Models */,
				A2B155B527458EE4004B1B02 /* Assets.xcassets */,
				A2D2C49E27727D0E009596E9 /* Extensions */,
				A2B155B727458EE4004B1B02 /* Preview Content */,
			);
			path = Elektrihind;
			sourceTree = "<group>";
		};
		A2B155B727458EE4004B1B02 /* Preview Content */ = {
			isa = PBXGroup;
			children = (
				A2B155B827458EE4004B1B02 /* Preview Assets.xcassets */,
			);
			path = "Preview Content";
			sourceTree = "<group>";
		};
		A2D2C49E27727D0E009596E9 /* Extensions */ = {
			isa = PBXGroup;
			children = (
				A2B155C62745B070004B1B02 /* Extensions.swift */,
				A2D2C49C27727AB6009596E9 /* Localizable.strings */,
			);
			path = Extensions;
			sourceTree = "<group>";
		};
		A2D6DD57279A06070007B14A /* BarChartView */ = {
			isa = PBXGroup;
			children = (
				A2D6DD55279A05A60007B14A /* BarChartView.swift */,
				A2D6DD5A279A06700007B14A /* BarChartRow.swift */,
				A2D6DD5C279A06AC0007B14A /* BarChartCell.swift */,
				A2D6DD58279A061F0007B14A /* BarChartGlobals.swift */,
				A2D6DD5E279A0B6A0007B14A /* Legend.swift */,
			);
			path = BarChartView;
			sourceTree = "<group>";
		};
		D13B5C6DC76B0C267995EE16 /* Frameworks */ = {
			isa = PBXGroup;
			children = (
				6477DF553BFACBA098C47C46 /* Pods_Elektrihind.framework */,
			);
			name = Frameworks;
			sourceTree = "<group>";
		};
/* End PBXGroup section */

/* Begin PBXNativeTarget section */
		A2B155AD27458EE2004B1B02 /* Elektrihind */ = {
			isa = PBXNativeTarget;
			buildConfigurationList = A2B155BC27458EE4004B1B02 /* Build configuration list for PBXNativeTarget "Elektrihind" */;
			buildPhases = (
				088A6214674C4CBC310FDAF8 /* [CP] Check Pods Manifest.lock */,
				A2B155AA27458EE2004B1B02 /* Sources */,
				A2B155AB27458EE2004B1B02 /* Frameworks */,
				A2B155AC27458EE2004B1B02 /* Resources */,
				A208D57829999A660053CFB4 /* ShellScript */,
				3419A1F732EA113AEB6224FC /* [CP] Embed Pods Frameworks */,
			);
			buildRules = (
			);
			dependencies = (
			);
			name = Elektrihind;
			productName = Elektrihind;
			productReference = A2B155AE27458EE2004B1B02 /* Elektrihind.app */;
			productType = "com.apple.product-type.application";
		};
/* End PBXNativeTarget section */

/* Begin PBXProject section */
		A2B155A627458EE2004B1B02 /* Project object */ = {
			isa = PBXProject;
			attributes = {
				BuildIndependentTargetsInParallel = 1;
				LastSwiftUpdateCheck = 1310;
				LastUpgradeCheck = 1430;
				TargetAttributes = {
					A2B155AD27458EE2004B1B02 = {
						CreatedOnToolsVersion = 13.1;
					};
				};
			};
			buildConfigurationList = A2B155A927458EE2004B1B02 /* Build configuration list for PBXProject "Elektrihind" */;
			compatibilityVersion = "Xcode 13.0";
			developmentRegion = en;
			hasScannedForEncodings = 0;
			knownRegions = (
				en,
				Base,
				et,
			);
			mainGroup = A2B155A527458EE2004B1B02;
			productRefGroup = A2B155AF27458EE2004B1B02 /* Products */;
			projectDirPath = "";
			projectRoot = "";
			targets = (
				A2B155AD27458EE2004B1B02 /* Elektrihind */,
			);
		};
/* End PBXProject section */

/* Begin PBXResourcesBuildPhase section */
		A2B155AC27458EE2004B1B02 /* Resources */ = {
			isa = PBXResourcesBuildPhase;
			buildActionMask = 2147483647;
			files = (
				A245280B299827580021661E /* GoogleService-Info.plist in Resources */,
				A2B155B927458EE4004B1B02 /* Preview Assets.xcassets in Resources */,
				A24A964928E63EC300B74E14 /* LaunchScreen.storyboard in Resources */,
				A2D2C49A27727AB6009596E9 /* Localizable.strings in Resources */,
				A2B155B627458EE4004B1B02 /* Assets.xcassets in Resources */,
			);
			runOnlyForDeploymentPostprocessing = 0;
		};
/* End PBXResourcesBuildPhase section */

/* Begin PBXShellScriptBuildPhase section */
		088A6214674C4CBC310FDAF8 /* [CP] Check Pods Manifest.lock */ = {
			isa = PBXShellScriptBuildPhase;
			buildActionMask = 2147483647;
			files = (
			);
			inputFileListPaths = (
			);
			inputPaths = (
				"${PODS_PODFILE_DIR_PATH}/Podfile.lock",
				"${PODS_ROOT}/Manifest.lock",
			);
			name = "[CP] Check Pods Manifest.lock";
			outputFileListPaths = (
			);
			outputPaths = (
				"$(DERIVED_FILE_DIR)/Pods-Elektrihind-checkManifestLockResult.txt",
			);
			runOnlyForDeploymentPostprocessing = 0;
			shellPath = /bin/sh;
			shellScript = "diff \"${PODS_PODFILE_DIR_PATH}/Podfile.lock\" \"${PODS_ROOT}/Manifest.lock\" > /dev/null\nif [ $? != 0 ] ; then\n    # print error to STDERR\n    echo \"error: The sandbox is not in sync with the Podfile.lock. Run 'pod install' or update your CocoaPods installation.\" >&2\n    exit 1\nfi\n# This output is used by Xcode 'outputs' to avoid re-running this script phase.\necho \"SUCCESS\" > \"${SCRIPT_OUTPUT_FILE_0}\"\n";
			showEnvVarsInLog = 0;
		};
		3419A1F732EA113AEB6224FC /* [CP] Embed Pods Frameworks */ = {
			isa = PBXShellScriptBuildPhase;
			buildActionMask = 2147483647;
			files = (
			);
			inputFileListPaths = (
				"${PODS_ROOT}/Target Support Files/Pods-Elektrihind/Pods-Elektrihind-frameworks-${CONFIGURATION}-input-files.xcfilelist",
			);
			name = "[CP] Embed Pods Frameworks";
			outputFileListPaths = (
				"${PODS_ROOT}/Target Support Files/Pods-Elektrihind/Pods-Elektrihind-frameworks-${CONFIGURATION}-output-files.xcfilelist",
			);
			runOnlyForDeploymentPostprocessing = 0;
			shellPath = /bin/sh;
			shellScript = "\"${PODS_ROOT}/Target Support Files/Pods-Elektrihind/Pods-Elektrihind-frameworks.sh\"\n";
			showEnvVarsInLog = 0;
		};
		A208D57829999A660053CFB4 /* ShellScript */ = {
			isa = PBXShellScriptBuildPhase;
			alwaysOutOfDate = 1;
			buildActionMask = 12;
			files = (
			);
			inputFileListPaths = (
			);
			inputPaths = (
				"${DWARF_DSYM_FOLDER_PATH}/${DWARF_DSYM_FILE_NAME}/Contents/Resources/DWARF/${TARGET_NAME}",
				"$(SRCROOT)/$(BUILT_PRODUCTS_DIR)/$(INFOPLIST_PATH)",
			);
			outputFileListPaths = (
			);
			outputPaths = (
			);
			runOnlyForDeploymentPostprocessing = 0;
			shellPath = /bin/sh;
			shellScript = "\"${BUILD_DIR%/Build/*}/SourcePackages/checkouts/firebase-ios-sdk/Crashlytics/run\"\n";
		};
/* End PBXShellScriptBuildPhase section */

/* Begin PBXSourcesBuildPhase section */
		A2B155AA27458EE2004B1B02 /* Sources */ = {
			isa = PBXSourcesBuildPhase;
			buildActionMask = 2147483647;
			files = (
				A2D6DD56279A05A60007B14A /* BarChartView.swift in Sources */,
				A258EFD229DDE00D00B0B27D /* ChartView.swift in Sources */,
				A214594E28E5DD9B00FDB205 /* CurrentPriceView.swift in Sources */,
				A2D6DD5F279A0B6B0007B14A /* Legend.swift in Sources */,
				A26E31E629C5169500B080D4 /* UpdaterViewModel.swift in Sources */,
				A2B155C72745B070004B1B02 /* Extensions.swift in Sources */,
				A258EFD429DDE06300B0B27D /* ChartViewModel.swift in Sources */,
				A2B155B427458EE2004B1B02 /* ContentView.swift in Sources */,
				A258EFD029DB7A2900B0B27D /* CurrentPriceViewModel.swift in Sources */,
				A2D6DD59279A061F0007B14A /* BarChartGlobals.swift in Sources */,
				A2F9DFBD27653EFB006E4730 /* TabBarView.swift in Sources */,
				A2B155C027459138004B1B02 /* NordPoolPrice.swift in Sources */,
				A214594C28E5DD4C00FDB205 /* TitleView.swift in Sources */,
				A2B155C2274599E7004B1B02 /* Network.swift in Sources */,
				A25AC1C92768009C00C9610F /* Globals.swift in Sources */,
				A2D6DD5B279A06700007B14A /* BarChartRow.swift in Sources */,
				A258EFCE29DB3E7700B0B27D /* ConnectionLostView.swift in Sources */,
				A245280929943F5E0021661E /* Banner.swift in Sources */,
				A25AC1C72767FBC800C9610F /* SettingsView.swift in Sources */,
				A2B155B227458EE2004B1B02 /* ElektrihindApp.swift in Sources */,
				A214595028E5DDCA00FDB205 /* MinMaxRangeView.swift in Sources */,
				A2D6DD5D279A06AC0007B14A /* BarChartCell.swift in Sources */,
				A22579F22767F74600F8E3AB /* TodayView.swift in Sources */,
				A22579F42767F76E00F8E3AB /* TomorrowView.swift in Sources */,
			);
			runOnlyForDeploymentPostprocessing = 0;
		};
/* End PBXSourcesBuildPhase section */

/* Begin PBXVariantGroup section */
		A2D2C49C27727AB6009596E9 /* Localizable.strings */ = {
			isa = PBXVariantGroup;
			children = (
				A2D2C49B27727AB6009596E9 /* en */,
				A2D2C49D27727AB9009596E9 /* et */,
			);
			name = Localizable.strings;
			sourceTree = "<group>";
		};
/* End PBXVariantGroup section */

/* Begin XCBuildConfiguration section */
		A2B155BA27458EE4004B1B02 /* Debug */ = {
			isa = XCBuildConfiguration;
			buildSettings = {
				ALWAYS_SEARCH_USER_PATHS = NO;
				CLANG_ANALYZER_LOCALIZABILITY_NONLOCALIZED = YES;
				CLANG_ANALYZER_NONNULL = YES;
				CLANG_ANALYZER_NUMBER_OBJECT_CONVERSION = YES_AGGRESSIVE;
				CLANG_CXX_LANGUAGE_STANDARD = "gnu++17";
				CLANG_CXX_LIBRARY = "libc++";
				CLANG_ENABLE_MODULES = YES;
				CLANG_ENABLE_OBJC_ARC = YES;
				CLANG_ENABLE_OBJC_WEAK = YES;
				CLANG_WARN_BLOCK_CAPTURE_AUTORELEASING = YES;
				CLANG_WARN_BOOL_CONVERSION = YES;
				CLANG_WARN_COMMA = YES;
				CLANG_WARN_CONSTANT_CONVERSION = YES;
				CLANG_WARN_DEPRECATED_OBJC_IMPLEMENTATIONS = YES;
				CLANG_WARN_DIRECT_OBJC_ISA_USAGE = YES_ERROR;
				CLANG_WARN_DOCUMENTATION_COMMENTS = YES;
				CLANG_WARN_EMPTY_BODY = YES;
				CLANG_WARN_ENUM_CONVERSION = YES;
				CLANG_WARN_INFINITE_RECURSION = YES;
				CLANG_WARN_INT_CONVERSION = YES;
				CLANG_WARN_NON_LITERAL_NULL_CONVERSION = YES;
				CLANG_WARN_OBJC_IMPLICIT_RETAIN_SELF = YES;
				CLANG_WARN_OBJC_LITERAL_CONVERSION = YES;
				CLANG_WARN_OBJC_ROOT_CLASS = YES_ERROR;
				CLANG_WARN_QUOTED_INCLUDE_IN_FRAMEWORK_HEADER = YES;
				CLANG_WARN_RANGE_LOOP_ANALYSIS = YES;
				CLANG_WARN_STRICT_PROTOTYPES = YES;
				CLANG_WARN_SUSPICIOUS_MOVE = YES;
				CLANG_WARN_UNGUARDED_AVAILABILITY = YES_AGGRESSIVE;
				CLANG_WARN_UNREACHABLE_CODE = YES;
				CLANG_WARN__DUPLICATE_METHOD_MATCH = YES;
				COPY_PHASE_STRIP = NO;
				DEBUG_INFORMATION_FORMAT = dwarf;
				ENABLE_STRICT_OBJC_MSGSEND = YES;
				ENABLE_TESTABILITY = YES;
				GCC_C_LANGUAGE_STANDARD = gnu11;
				GCC_DYNAMIC_NO_PIC = NO;
				GCC_NO_COMMON_BLOCKS = YES;
				GCC_OPTIMIZATION_LEVEL = 0;
				GCC_PREPROCESSOR_DEFINITIONS = (
					"DEBUG=1",
					"$(inherited)",
				);
				GCC_WARN_64_TO_32_BIT_CONVERSION = YES;
				GCC_WARN_ABOUT_RETURN_TYPE = YES_ERROR;
				GCC_WARN_UNDECLARED_SELECTOR = YES;
				GCC_WARN_UNINITIALIZED_AUTOS = YES_AGGRESSIVE;
				GCC_WARN_UNUSED_FUNCTION = YES;
				GCC_WARN_UNUSED_VARIABLE = YES;
				IPHONEOS_DEPLOYMENT_TARGET = 14.0;
				MTL_ENABLE_DEBUG_INFO = INCLUDE_SOURCE;
				MTL_FAST_MATH = YES;
				ONLY_ACTIVE_ARCH = YES;
				SDKROOT = iphoneos;
				SWIFT_ACTIVE_COMPILATION_CONDITIONS = DEBUG;
				SWIFT_OPTIMIZATION_LEVEL = "-Onone";
			};
			name = Debug;
		};
		A2B155BB27458EE4004B1B02 /* Release */ = {
			isa = XCBuildConfiguration;
			buildSettings = {
				ALWAYS_SEARCH_USER_PATHS = NO;
				CLANG_ANALYZER_LOCALIZABILITY_NONLOCALIZED = YES;
				CLANG_ANALYZER_NONNULL = YES;
				CLANG_ANALYZER_NUMBER_OBJECT_CONVERSION = YES_AGGRESSIVE;
				CLANG_CXX_LANGUAGE_STANDARD = "gnu++17";
				CLANG_CXX_LIBRARY = "libc++";
				CLANG_ENABLE_MODULES = YES;
				CLANG_ENABLE_OBJC_ARC = YES;
				CLANG_ENABLE_OBJC_WEAK = YES;
				CLANG_WARN_BLOCK_CAPTURE_AUTORELEASING = YES;
				CLANG_WARN_BOOL_CONVERSION = YES;
				CLANG_WARN_COMMA = YES;
				CLANG_WARN_CONSTANT_CONVERSION = YES;
				CLANG_WARN_DEPRECATED_OBJC_IMPLEMENTATIONS = YES;
				CLANG_WARN_DIRECT_OBJC_ISA_USAGE = YES_ERROR;
				CLANG_WARN_DOCUMENTATION_COMMENTS = YES;
				CLANG_WARN_EMPTY_BODY = YES;
				CLANG_WARN_ENUM_CONVERSION = YES;
				CLANG_WARN_INFINITE_RECURSION = YES;
				CLANG_WARN_INT_CONVERSION = YES;
				CLANG_WARN_NON_LITERAL_NULL_CONVERSION = YES;
				CLANG_WARN_OBJC_IMPLICIT_RETAIN_SELF = YES;
				CLANG_WARN_OBJC_LITERAL_CONVERSION = YES;
				CLANG_WARN_OBJC_ROOT_CLASS = YES_ERROR;
				CLANG_WARN_QUOTED_INCLUDE_IN_FRAMEWORK_HEADER = YES;
				CLANG_WARN_RANGE_LOOP_ANALYSIS = YES;
				CLANG_WARN_STRICT_PROTOTYPES = YES;
				CLANG_WARN_SUSPICIOUS_MOVE = YES;
				CLANG_WARN_UNGUARDED_AVAILABILITY = YES_AGGRESSIVE;
				CLANG_WARN_UNREACHABLE_CODE = YES;
				CLANG_WARN__DUPLICATE_METHOD_MATCH = YES;
				COPY_PHASE_STRIP = NO;
				DEBUG_INFORMATION_FORMAT = "dwarf-with-dsym";
				ENABLE_NS_ASSERTIONS = NO;
				ENABLE_STRICT_OBJC_MSGSEND = YES;
				GCC_C_LANGUAGE_STANDARD = gnu11;
				GCC_NO_COMMON_BLOCKS = YES;
				GCC_WARN_64_TO_32_BIT_CONVERSION = YES;
				GCC_WARN_ABOUT_RETURN_TYPE = YES_ERROR;
				GCC_WARN_UNDECLARED_SELECTOR = YES;
				GCC_WARN_UNINITIALIZED_AUTOS = YES_AGGRESSIVE;
				GCC_WARN_UNUSED_FUNCTION = YES;
				GCC_WARN_UNUSED_VARIABLE = YES;
				IPHONEOS_DEPLOYMENT_TARGET = 14.0;
				MTL_ENABLE_DEBUG_INFO = NO;
				MTL_FAST_MATH = YES;
				SDKROOT = iphoneos;
				SWIFT_COMPILATION_MODE = wholemodule;
				SWIFT_OPTIMIZATION_LEVEL = "-O";
				VALIDATE_PRODUCT = YES;
			};
			name = Release;
		};
		A2B155BD27458EE4004B1B02 /* Debug */ = {
			isa = XCBuildConfiguration;
			baseConfigurationReference = 5BA2A1BC711A287CB4BD1D51 /* Pods-Elektrihind.debug.xcconfig */;
			buildSettings = {
				ASSETCATALOG_COMPILER_APPICON_NAME = AppIcon;
				ASSETCATALOG_COMPILER_GLOBAL_ACCENT_COLOR_NAME = AccentColor;
				ASSETCATALOG_COMPILER_INCLUDE_ALL_APPICON_ASSETS = YES;
				CODE_SIGN_STYLE = Automatic;
				CURRENT_PROJECT_VERSION = 17;
				DEBUG_INFORMATION_FORMAT = "dwarf-with-dsym";
				DEVELOPMENT_ASSET_PATHS = "\"Elektrihind/Preview Content\"";
				DEVELOPMENT_TEAM = 39G5236S72;
				ENABLE_PREVIEWS = YES;
				GENERATE_INFOPLIST_FILE = YES;
				INFOPLIST_FILE = Elektrihind/Info.plist;
				INFOPLIST_KEY_CFBundleDisplayName = Elektrihind;
				INFOPLIST_KEY_LSApplicationCategoryType = "public.app-category.utilities";
				INFOPLIST_KEY_UIApplicationSupportsIndirectInputEvents = YES;
				INFOPLIST_KEY_UILaunchScreen_Generation = YES;
				INFOPLIST_KEY_UILaunchStoryboardName = LaunchScreen.storyboard;
				INFOPLIST_KEY_UIStatusBarStyle = UIStatusBarStyleDefault;
				INFOPLIST_KEY_UISupportedInterfaceOrientations = UIInterfaceOrientationPortrait;
				INFOPLIST_KEY_UISupportedInterfaceOrientations_iPad = UIInterfaceOrientationPortrait;
				INFOPLIST_KEY_UISupportedInterfaceOrientations_iPhone = UIInterfaceOrientationPortrait;
				IPHONEOS_DEPLOYMENT_TARGET = 14.0;
				LD_RUNPATH_SEARCH_PATHS = (
					"$(inherited)",
					"@executable_path/Frameworks",
				);
				MARKETING_VERSION = 1.9;
				PRODUCT_BUNDLE_IDENTIFIER = koodipardik.Elektrihind;
				PRODUCT_NAME = "$(TARGET_NAME)";
				SWIFT_EMIT_LOC_STRINGS = YES;
				SWIFT_VERSION = 5.0;
				TARGETED_DEVICE_FAMILY = 1;
			};
			name = Debug;
		};
		A2B155BE27458EE4004B1B02 /* Release */ = {
			isa = XCBuildConfiguration;
			baseConfigurationReference = 76787FAD02B622C5FA63B497 /* Pods-Elektrihind.release.xcconfig */;
			buildSettings = {
				ASSETCATALOG_COMPILER_APPICON_NAME = AppIcon;
				ASSETCATALOG_COMPILER_GLOBAL_ACCENT_COLOR_NAME = AccentColor;
				ASSETCATALOG_COMPILER_INCLUDE_ALL_APPICON_ASSETS = YES;
				CODE_SIGN_STYLE = Automatic;
				CURRENT_PROJECT_VERSION = 17;
				DEBUG_INFORMATION_FORMAT = "dwarf-with-dsym";
				DEVELOPMENT_ASSET_PATHS = "\"Elektrihind/Preview Content\"";
				DEVELOPMENT_TEAM = 39G5236S72;
				ENABLE_PREVIEWS = YES;
				GENERATE_INFOPLIST_FILE = YES;
				INFOPLIST_FILE = Elektrihind/Info.plist;
				INFOPLIST_KEY_CFBundleDisplayName = Elektrihind;
				INFOPLIST_KEY_LSApplicationCategoryType = "public.app-category.utilities";
				INFOPLIST_KEY_UIApplicationSupportsIndirectInputEvents = YES;
				INFOPLIST_KEY_UILaunchScreen_Generation = YES;
				INFOPLIST_KEY_UILaunchStoryboardName = LaunchScreen.storyboard;
				INFOPLIST_KEY_UIStatusBarStyle = UIStatusBarStyleDefault;
				INFOPLIST_KEY_UISupportedInterfaceOrientations = UIInterfaceOrientationPortrait;
				INFOPLIST_KEY_UISupportedInterfaceOrientations_iPad = UIInterfaceOrientationPortrait;
				INFOPLIST_KEY_UISupportedInterfaceOrientations_iPhone = UIInterfaceOrientationPortrait;
				IPHONEOS_DEPLOYMENT_TARGET = 14.0;
				LD_RUNPATH_SEARCH_PATHS = (
					"$(inherited)",
					"@executable_path/Frameworks",
				);
				MARKETING_VERSION = 1.9;
				PRODUCT_BUNDLE_IDENTIFIER = koodipardik.Elektrihind;
				PRODUCT_NAME = "$(TARGET_NAME)";
				SWIFT_EMIT_LOC_STRINGS = YES;
				SWIFT_VERSION = 5.0;
				TARGETED_DEVICE_FAMILY = 1;
			};
			name = Release;
		};
/* End XCBuildConfiguration section */

/* Begin XCConfigurationList section */
		A2B155A927458EE2004B1B02 /* Build configuration list for PBXProject "Elektrihind" */ = {
			isa = XCConfigurationList;
			buildConfigurations = (
				A2B155BA27458EE4004B1B02 /* Debug */,
				A2B155BB27458EE4004B1B02 /* Release */,
			);
			defaultConfigurationIsVisible = 0;
			defaultConfigurationName = Release;
		};
		A2B155BC27458EE4004B1B02 /* Build configuration list for PBXNativeTarget "Elektrihind" */ = {
			isa = XCConfigurationList;
			buildConfigurations = (
				A2B155BD27458EE4004B1B02 /* Debug */,
				A2B155BE27458EE4004B1B02 /* Release */,
			);
			defaultConfigurationIsVisible = 0;
			defaultConfigurationName = Release;
		};
/* End XCConfigurationList section */
	};
	rootObject = A2B155A627458EE2004B1B02 /* Project object */;
}
