// !$*UTF8*$!
{
	archiveVersion = 1;
	classes = {
	};
	objectVersion = 55;
	objects = {

/* Begin PBXBuildFile section */
		A211D9E12769D3C600C18916 /* SwiftUICharts in Frameworks */ = {isa = PBXBuildFile; productRef = A211D9E02769D3C600C18916 /* SwiftUICharts */; };
		A22579F22767F74600F8E3AB /* TodayView.swift in Sources */ = {isa = PBXBuildFile; fileRef = A22579F12767F74600F8E3AB /* TodayView.swift */; };
		A22579F42767F76E00F8E3AB /* TomorrowView.swift in Sources */ = {isa = PBXBuildFile; fileRef = A22579F32767F76E00F8E3AB /* TomorrowView.swift */; };
		A25AC1C72767FBC800C9610F /* SettingsView.swift in Sources */ = {isa = PBXBuildFile; fileRef = A25AC1C62767FBC800C9610F /* SettingsView.swift */; };
		A25AC1C92768009C00C9610F /* Globals.swift in Sources */ = {isa = PBXBuildFile; fileRef = A25AC1C82768009C00C9610F /* Globals.swift */; };
		A2B155B227458EE2004B1B02 /* ElektrihindApp.swift in Sources */ = {isa = PBXBuildFile; fileRef = A2B155B127458EE2004B1B02 /* ElektrihindApp.swift */; };
		A2B155B427458EE2004B1B02 /* ContentView.swift in Sources */ = {isa = PBXBuildFile; fileRef = A2B155B327458EE2004B1B02 /* ContentView.swift */; };
		A2B155B627458EE4004B1B02 /* Assets.xcassets in Resources */ = {isa = PBXBuildFile; fileRef = A2B155B527458EE4004B1B02 /* Assets.xcassets */; };
		A2B155B927458EE4004B1B02 /* Preview Assets.xcassets in Resources */ = {isa = PBXBuildFile; fileRef = A2B155B827458EE4004B1B02 /* Preview Assets.xcassets */; };
		A2B155C027459138004B1B02 /* NordPoolPrice.swift in Sources */ = {isa = PBXBuildFile; fileRef = A2B155BF27459138004B1B02 /* NordPoolPrice.swift */; };
		A2B155C2274599E7004B1B02 /* Network.swift in Sources */ = {isa = PBXBuildFile; fileRef = A2B155C1274599E7004B1B02 /* Network.swift */; };
		A2B155C72745B070004B1B02 /* Extensions.swift in Sources */ = {isa = PBXBuildFile; fileRef = A2B155C62745B070004B1B02 /* Extensions.swift */; };
		A2F9DFBD27653EFB006E4730 /* TabBarView.swift in Sources */ = {isa = PBXBuildFile; fileRef = A2F9DFBC27653EFB006E4730 /* TabBarView.swift */; };
/* End PBXBuildFile section */

/* Begin PBXFileReference section */
		A20ABC08277B678900470604 /* ChartView */ = {isa = PBXFileReference; lastKnownFileType = folder; path = ChartView; sourceTree = "<group>"; };
		A22579F12767F74600F8E3AB /* TodayView.swift */ = {isa = PBXFileReference; lastKnownFileType = sourcecode.swift; path = TodayView.swift; sourceTree = "<group>"; };
		A22579F32767F76E00F8E3AB /* TomorrowView.swift */ = {isa = PBXFileReference; lastKnownFileType = sourcecode.swift; path = TomorrowView.swift; sourceTree = "<group>"; };
		A233FEE427669DE100FEDA9C /* Info.plist */ = {isa = PBXFileReference; lastKnownFileType = text.plist; path = Info.plist; sourceTree = "<group>"; };
		A25AC1C62767FBC800C9610F /* SettingsView.swift */ = {isa = PBXFileReference; lastKnownFileType = sourcecode.swift; path = SettingsView.swift; sourceTree = "<group>"; };
		A25AC1C82768009C00C9610F /* Globals.swift */ = {isa = PBXFileReference; lastKnownFileType = sourcecode.swift; path = Globals.swift; sourceTree = "<group>"; };
		A2B155AE27458EE2004B1B02 /* Elektrihind.app */ = {isa = PBXFileReference; explicitFileType = wrapper.application; includeInIndex = 0; path = Elektrihind.app; sourceTree = BUILT_PRODUCTS_DIR; };
		A2B155B127458EE2004B1B02 /* ElektrihindApp.swift */ = {isa = PBXFileReference; lastKnownFileType = sourcecode.swift; path = ElektrihindApp.swift; sourceTree = "<group>"; };
		A2B155B327458EE2004B1B02 /* ContentView.swift */ = {isa = PBXFileReference; lastKnownFileType = sourcecode.swift; path = ContentView.swift; sourceTree = "<group>"; };
		A2B155B527458EE4004B1B02 /* Assets.xcassets */ = {isa = PBXFileReference; lastKnownFileType = folder.assetcatalog; path = Assets.xcassets; sourceTree = "<group>"; };
		A2B155B827458EE4004B1B02 /* Preview Assets.xcassets */ = {isa = PBXFileReference; lastKnownFileType = folder.assetcatalog; path = "Preview Assets.xcassets"; sourceTree = "<group>"; };
		A2B155BF27459138004B1B02 /* NordPoolPrice.swift */ = {isa = PBXFileReference; lastKnownFileType = sourcecode.swift; path = NordPoolPrice.swift; sourceTree = "<group>"; };
		A2B155C1274599E7004B1B02 /* Network.swift */ = {isa = PBXFileReference; lastKnownFileType = sourcecode.swift; path = Network.swift; sourceTree = "<group>"; };
		A2B155C62745B070004B1B02 /* Extensions.swift */ = {isa = PBXFileReference; lastKnownFileType = sourcecode.swift; path = Extensions.swift; sourceTree = "<group>"; };
		A2F9DFBC27653EFB006E4730 /* TabBarView.swift */ = {isa = PBXFileReference; lastKnownFileType = sourcecode.swift; path = TabBarView.swift; sourceTree = "<group>"; };
/* End PBXFileReference section */

/* Begin PBXFrameworksBuildPhase section */
		A2B155AB27458EE2004B1B02 /* Frameworks */ = {
			isa = PBXFrameworksBuildPhase;
			buildActionMask = 2147483647;
			files = (
				A211D9E12769D3C600C18916 /* SwiftUICharts in Frameworks */,
			);
			runOnlyForDeploymentPostprocessing = 0;
		};
/* End PBXFrameworksBuildPhase section */

/* Begin PBXGroup section */
		A22579F52767F79700F8E3AB /* Views */ = {
			isa = PBXGroup;
			children = (
				A22579F12767F74600F8E3AB /* TodayView.swift */,
				A22579F32767F76E00F8E3AB /* TomorrowView.swift */,
				A25AC1C62767FBC800C9610F /* SettingsView.swift */,
				A25AC1C82768009C00C9610F /* Globals.swift */,
				A2F9DFBC27653EFB006E4730 /* TabBarView.swift */,
			);
			path = Views;
			sourceTree = "<group>";
		};
		A22579F62767F7B200F8E3AB /* Network */ = {
			isa = PBXGroup;
			children = (
				A2B155C1274599E7004B1B02 /* Network.swift */,
			);
			path = Network;
			sourceTree = "<group>";
		};
		A22579F72767F7C300F8E3AB /* Models */ = {
			isa = PBXGroup;
			children = (
				A2B155BF27459138004B1B02 /* NordPoolPrice.swift */,
			);
			path = Models;
			sourceTree = "<group>";
		};
		A2B155A527458EE2004B1B02 = {
			isa = PBXGroup;
			children = (
				A20ABC08277B678900470604 /* ChartView */,
				A2B155B027458EE2004B1B02 /* Elektrihind */,
				A2B155AF27458EE2004B1B02 /* Products */,
				A2F9DFB927653B8A006E4730 /* Frameworks */,
			);
			sourceTree = "<group>";
		};
		A2B155AF27458EE2004B1B02 /* Products */ = {
			isa = PBXGroup;
			children = (
				A2B155AE27458EE2004B1B02 /* Elektrihind.app */,
			);
			name = Products;
			sourceTree = "<group>";
		};
		A2B155B027458EE2004B1B02 /* Elektrihind */ = {
			isa = PBXGroup;
			children = (
				A233FEE427669DE100FEDA9C /* Info.plist */,
				A2B155B127458EE2004B1B02 /* ElektrihindApp.swift */,
				A2B155B327458EE2004B1B02 /* ContentView.swift */,
				A22579F52767F79700F8E3AB /* Views */,
				A22579F62767F7B200F8E3AB /* Network */,
				A22579F72767F7C300F8E3AB /* Models */,
				A2B155C62745B070004B1B02 /* Extensions.swift */,
				A2B155B527458EE4004B1B02 /* Assets.xcassets */,
				A2B155B727458EE4004B1B02 /* Preview Content */,
			);
			path = Elektrihind;
			sourceTree = "<group>";
		};
		A2B155B727458EE4004B1B02 /* Preview Content */ = {
			isa = PBXGroup;
			children = (
				A2B155B827458EE4004B1B02 /* Preview Assets.xcassets */,
			);
			path = "Preview Content";
			sourceTree = "<group>";
		};
		A2F9DFB927653B8A006E4730 /* Frameworks */ = {
			isa = PBXGroup;
			children = (
			);
			name = Frameworks;
			sourceTree = "<group>";
		};
/* End PBXGroup section */

/* Begin PBXNativeTarget section */
		A2B155AD27458EE2004B1B02 /* Elektrihind */ = {
			isa = PBXNativeTarget;
			buildConfigurationList = A2B155BC27458EE4004B1B02 /* Build configuration list for PBXNativeTarget "Elektrihind" */;
			buildPhases = (
				A2B155AA27458EE2004B1B02 /* Sources */,
				A2B155AB27458EE2004B1B02 /* Frameworks */,
				A2B155AC27458EE2004B1B02 /* Resources */,
			);
			buildRules = (
			);
			dependencies = (
			);
			name = Elektrihind;
			packageProductDependencies = (
				A211D9E02769D3C600C18916 /* SwiftUICharts */,
			);
			productName = Elektrihind;
			productReference = A2B155AE27458EE2004B1B02 /* Elektrihind.app */;
			productType = "com.apple.product-type.application";
		};
/* End PBXNativeTarget section */

/* Begin PBXProject section */
		A2B155A627458EE2004B1B02 /* Project object */ = {
			isa = PBXProject;
			attributes = {
				BuildIndependentTargetsInParallel = 1;
				LastSwiftUpdateCheck = 1310;
				LastUpgradeCheck = 1310;
				TargetAttributes = {
					A2B155AD27458EE2004B1B02 = {
						CreatedOnToolsVersion = 13.1;
					};
				};
			};
			buildConfigurationList = A2B155A927458EE2004B1B02 /* Build configuration list for PBXProject "Elektrihind" */;
			compatibilityVersion = "Xcode 13.0";
			developmentRegion = en;
			hasScannedForEncodings = 0;
			knownRegions = (
				en,
				Base,
			);
			mainGroup = A2B155A527458EE2004B1B02;
			packageReferences = (
			);
			productRefGroup = A2B155AF27458EE2004B1B02 /* Products */;
			projectDirPath = "";
			projectRoot = "";
			targets = (
				A2B155AD27458EE2004B1B02 /* Elektrihind */,
			);
		};
/* End PBXProject section */

/* Begin PBXResourcesBuildPhase section */
		A2B155AC27458EE2004B1B02 /* Resources */ = {
			isa = PBXResourcesBuildPhase;
			buildActionMask = 2147483647;
			files = (
				A2B155B927458EE4004B1B02 /* Preview Assets.xcassets in Resources */,
				A2B155B627458EE4004B1B02 /* Assets.xcassets in Resources */,
			);
			runOnlyForDeploymentPostprocessing = 0;
		};
/* End PBXResourcesBuildPhase section */

/* Begin PBXSourcesBuildPhase section */
		A2B155AA27458EE2004B1B02 /* Sources */ = {
			isa = PBXSourcesBuildPhase;
			buildActionMask = 2147483647;
			files = (
				A2B155C72745B070004B1B02 /* Extensions.swift in Sources */,
				A2B155B427458EE2004B1B02 /* ContentView.swift in Sources */,
				A2F9DFBD27653EFB006E4730 /* TabBarView.swift in Sources */,
				A2B155C027459138004B1B02 /* NordPoolPrice.swift in Sources */,
				A2B155C2274599E7004B1B02 /* Network.swift in Sources */,
				A25AC1C92768009C00C9610F /* Globals.swift in Sources */,
				A25AC1C72767FBC800C9610F /* SettingsView.swift in Sources */,
				A2B155B227458EE2004B1B02 /* ElektrihindApp.swift in Sources */,
				A22579F22767F74600F8E3AB /* TodayView.swift in Sources */,
				A22579F42767F76E00F8E3AB /* TomorrowView.swift in Sources */,
			);
			runOnlyForDeploymentPostprocessing = 0;
		};
/* End PBXSourcesBuildPhase section */

/* Begin XCBuildConfiguration section */
		A2B155BA27458EE4004B1B02 /* Debug */ = {
			isa = XCBuildConfiguration;
			buildSettings = {
				ALWAYS_SEARCH_USER_PATHS = NO;
				CLANG_ANALYZER_NONNULL = YES;
				CLANG_ANALYZER_NUMBER_OBJECT_CONVERSION = YES_AGGRESSIVE;
				CLANG_CXX_LANGUAGE_STANDARD = "gnu++17";
				CLANG_CXX_LIBRARY = "libc++";
				CLANG_ENABLE_MODULES = YES;
				CLANG_ENABLE_OBJC_ARC = YES;
				CLANG_ENABLE_OBJC_WEAK = YES;
				CLANG_WARN_BLOCK_CAPTURE_AUTORELEASING = YES;
				CLANG_WARN_BOOL_CONVERSION = YES;
				CLANG_WARN_COMMA = YES;
				CLANG_WARN_CONSTANT_CONVERSION = YES;
				CLANG_WARN_DEPRECATED_OBJC_IMPLEMENTATIONS = YES;
				CLANG_WARN_DIRECT_OBJC_ISA_USAGE = YES_ERROR;
				CLANG_WARN_DOCUMENTATION_COMMENTS = YES;
				CLANG_WARN_EMPTY_BODY = YES;
				CLANG_WARN_ENUM_CONVERSION = YES;
				CLANG_WARN_INFINITE_RECURSION = YES;
				CLANG_WARN_INT_CONVERSION = YES;
				CLANG_WARN_NON_LITERAL_NULL_CONVERSION = YES;
				CLANG_WARN_OBJC_IMPLICIT_RETAIN_SELF = YES;
				CLANG_WARN_OBJC_LITERAL_CONVERSION = YES;
				CLANG_WARN_OBJC_ROOT_CLASS = YES_ERROR;
				CLANG_WARN_QUOTED_INCLUDE_IN_FRAMEWORK_HEADER = YES;
				CLANG_WARN_RANGE_LOOP_ANALYSIS = YES;
				CLANG_WARN_STRICT_PROTOTYPES = YES;
				CLANG_WARN_SUSPICIOUS_MOVE = YES;
				CLANG_WARN_UNGUARDED_AVAILABILITY = YES_AGGRESSIVE;
				CLANG_WARN_UNREACHABLE_CODE = YES;
				CLANG_WARN__DUPLICATE_METHOD_MATCH = YES;
				COPY_PHASE_STRIP = NO;
				DEBUG_INFORMATION_FORMAT = dwarf;
				ENABLE_STRICT_OBJC_MSGSEND = YES;
				ENABLE_TESTABILITY = YES;
				GCC_C_LANGUAGE_STANDARD = gnu11;
				GCC_DYNAMIC_NO_PIC = NO;
				GCC_NO_COMMON_BLOCKS = YES;
				GCC_OPTIMIZATION_LEVEL = 0;
				GCC_PREPROCESSOR_DEFINITIONS = (
					"DEBUG=1",
					"$(inherited)",
				);
				GCC_WARN_64_TO_32_BIT_CONVERSION = YES;
				GCC_WARN_ABOUT_RETURN_TYPE = YES_ERROR;
				GCC_WARN_UNDECLARED_SELECTOR = YES;
				GCC_WARN_UNINITIALIZED_AUTOS = YES_AGGRESSIVE;
				GCC_WARN_UNUSED_FUNCTION = YES;
				GCC_WARN_UNUSED_VARIABLE = YES;
				IPHONEOS_DEPLOYMENT_TARGET = 15.0;
				MTL_ENABLE_DEBUG_INFO = INCLUDE_SOURCE;
				MTL_FAST_MATH = YES;
				ONLY_ACTIVE_ARCH = YES;
				SDKROOT = iphoneos;
				SWIFT_ACTIVE_COMPILATION_CONDITIONS = DEBUG;
				SWIFT_OPTIMIZATION_LEVEL = "-Onone";
			};
			name = Debug;
		};
		A2B155BB27458EE4004B1B02 /* Release */ = {
			isa = XCBuildConfiguration;
			buildSettings = {
				ALWAYS_SEARCH_USER_PATHS = NO;
				CLANG_ANALYZER_NONNULL = YES;
				CLANG_ANALYZER_NUMBER_OBJECT_CONVERSION = YES_AGGRESSIVE;
				CLANG_CXX_LANGUAGE_STANDARD = "gnu++17";
				CLANG_CXX_LIBRARY = "libc++";
				CLANG_ENABLE_MODULES = YES;
				CLANG_ENABLE_OBJC_ARC = YES;
				CLANG_ENABLE_OBJC_WEAK = YES;
				CLANG_WARN_BLOCK_CAPTURE_AUTORELEASING = YES;
				CLANG_WARN_BOOL_CONVERSION = YES;
				CLANG_WARN_COMMA = YES;
				CLANG_WARN_CONSTANT_CONVERSION = YES;
				CLANG_WARN_DEPRECATED_OBJC_IMPLEMENTATIONS = YES;
				CLANG_WARN_DIRECT_OBJC_ISA_USAGE = YES_ERROR;
				CLANG_WARN_DOCUMENTATION_COMMENTS = YES;
				CLANG_WARN_EMPTY_BODY = YES;
				CLANG_WARN_ENUM_CONVERSION = YES;
				CLANG_WARN_INFINITE_RECURSION = YES;
				CLANG_WARN_INT_CONVERSION = YES;
				CLANG_WARN_NON_LITERAL_NULL_CONVERSION = YES;
				CLANG_WARN_OBJC_IMPLICIT_RETAIN_SELF = YES;
				CLANG_WARN_OBJC_LITERAL_CONVERSION = YES;
				CLANG_WARN_OBJC_ROOT_CLASS = YES_ERROR;
				CLANG_WARN_QUOTED_INCLUDE_IN_FRAMEWORK_HEADER = YES;
				CLANG_WARN_RANGE_LOOP_ANALYSIS = YES;
				CLANG_WARN_STRICT_PROTOTYPES = YES;
				CLANG_WARN_SUSPICIOUS_MOVE = YES;
				CLANG_WARN_UNGUARDED_AVAILABILITY = YES_AGGRESSIVE;
				CLANG_WARN_UNREACHABLE_CODE = YES;
				CLANG_WARN__DUPLICATE_METHOD_MATCH = YES;
				COPY_PHASE_STRIP = NO;
				DEBUG_INFORMATION_FORMAT = "dwarf-with-dsym";
				ENABLE_NS_ASSERTIONS = NO;
				ENABLE_STRICT_OBJC_MSGSEND = YES;
				GCC_C_LANGUAGE_STANDARD = gnu11;
				GCC_NO_COMMON_BLOCKS = YES;
				GCC_WARN_64_TO_32_BIT_CONVERSION = YES;
				GCC_WARN_ABOUT_RETURN_TYPE = YES_ERROR;
				GCC_WARN_UNDECLARED_SELECTOR = YES;
				GCC_WARN_UNINITIALIZED_AUTOS = YES_AGGRESSIVE;
				GCC_WARN_UNUSED_FUNCTION = YES;
				GCC_WARN_UNUSED_VARIABLE = YES;
				IPHONEOS_DEPLOYMENT_TARGET = 15.0;
				MTL_ENABLE_DEBUG_INFO = NO;
				MTL_FAST_MATH = YES;
				SDKROOT = iphoneos;
				SWIFT_COMPILATION_MODE = wholemodule;
				SWIFT_OPTIMIZATION_LEVEL = "-O";
				VALIDATE_PRODUCT = YES;
			};
			name = Release;
		};
		A2B155BD27458EE4004B1B02 /* Debug */ = {
			isa = XCBuildConfiguration;
			buildSettings = {
				ASSETCATALOG_COMPILER_APPICON_NAME = AppIcon;
				ASSETCATALOG_COMPILER_GLOBAL_ACCENT_COLOR_NAME = AccentColor;
				CODE_SIGN_STYLE = Automatic;
				CURRENT_PROJECT_VERSION = 2;
				DEAD_CODE_STRIPPING = NO;
				DEVELOPMENT_ASSET_PATHS = "\"Elektrihind/Preview Content\"";
				DEVELOPMENT_TEAM = 39G5236S72;
				ENABLE_PREVIEWS = YES;
				GENERATE_INFOPLIST_FILE = YES;
				INFOPLIST_FILE = Elektrihind/Info.plist;
				INFOPLIST_KEY_UIApplicationSceneManifest_Generation = YES;
				INFOPLIST_KEY_UIApplicationSupportsIndirectInputEvents = YES;
				INFOPLIST_KEY_UILaunchScreen_Generation = YES;
				INFOPLIST_KEY_UISupportedInterfaceOrientations = "UIInterfaceOrientationPortrait UIInterfaceOrientationPortraitUpsideDown";
				INFOPLIST_KEY_UISupportedInterfaceOrientations_iPad = "UIInterfaceOrientationPortrait UIInterfaceOrientationPortraitUpsideDown UIInterfaceOrientationLandscapeLeft UIInterfaceOrientationLandscapeRight";
				INFOPLIST_KEY_UISupportedInterfaceOrientations_iPhone = "UIInterfaceOrientationPortrait UIInterfaceOrientationLandscapeLeft UIInterfaceOrientationLandscapeRight";
				LD_RUNPATH_SEARCH_PATHS = (
					"$(inherited)",
					"@executable_path/Frameworks",
				);
				MARKETING_VERSION = 1.0;
				PRODUCT_BUNDLE_IDENTIFIER = koodipardik.Elektrihind;
				PRODUCT_NAME = "$(TARGET_NAME)";
				SWIFT_EMIT_LOC_STRINGS = YES;
				SWIFT_VERSION = 5.0;
				TARGETED_DEVICE_FAMILY = 1;
			};
			name = Debug;
		};
		A2B155BE27458EE4004B1B02 /* Release */ = {
			isa = XCBuildConfiguration;
			buildSettings = {
				ASSETCATALOG_COMPILER_APPICON_NAME = AppIcon;
				ASSETCATALOG_COMPILER_GLOBAL_ACCENT_COLOR_NAME = AccentColor;
				CODE_SIGN_STYLE = Automatic;
				CURRENT_PROJECT_VERSION = 2;
				DEAD_CODE_STRIPPING = NO;
				DEVELOPMENT_ASSET_PATHS = "\"Elektrihind/Preview Content\"";
				DEVELOPMENT_TEAM = 39G5236S72;
				ENABLE_PREVIEWS = YES;
				GENERATE_INFOPLIST_FILE = YES;
				INFOPLIST_FILE = Elektrihind/Info.plist;
				INFOPLIST_KEY_UIApplicationSceneManifest_Generation = YES;
				INFOPLIST_KEY_UIApplicationSupportsIndirectInputEvents = YES;
				INFOPLIST_KEY_UILaunchScreen_Generation = YES;
				INFOPLIST_KEY_UISupportedInterfaceOrientations = "UIInterfaceOrientationPortrait UIInterfaceOrientationPortraitUpsideDown";
				INFOPLIST_KEY_UISupportedInterfaceOrientations_iPad = "UIInterfaceOrientationPortrait UIInterfaceOrientationPortraitUpsideDown UIInterfaceOrientationLandscapeLeft UIInterfaceOrientationLandscapeRight";
				INFOPLIST_KEY_UISupportedInterfaceOrientations_iPhone = "UIInterfaceOrientationPortrait UIInterfaceOrientationLandscapeLeft UIInterfaceOrientationLandscapeRight";
				LD_RUNPATH_SEARCH_PATHS = (
					"$(inherited)",
					"@executable_path/Frameworks",
				);
				MARKETING_VERSION = 1.0;
				PRODUCT_BUNDLE_IDENTIFIER = koodipardik.Elektrihind;
				PRODUCT_NAME = "$(TARGET_NAME)";
				SWIFT_EMIT_LOC_STRINGS = YES;
				SWIFT_VERSION = 5.0;
				TARGETED_DEVICE_FAMILY = 1;
			};
			name = Release;
		};
/* End XCBuildConfiguration section */

/* Begin XCConfigurationList section */
		A2B155A927458EE2004B1B02 /* Build configuration list for PBXProject "Elektrihind" */ = {
			isa = XCConfigurationList;
			buildConfigurations = (
				A2B155BA27458EE4004B1B02 /* Debug */,
				A2B155BB27458EE4004B1B02 /* Release */,
			);
			defaultConfigurationIsVisible = 0;
			defaultConfigurationName = Release;
		};
		A2B155BC27458EE4004B1B02 /* Build configuration list for PBXNativeTarget "Elektrihind" */ = {
			isa = XCConfigurationList;
			buildConfigurations = (
				A2B155BD27458EE4004B1B02 /* Debug */,
				A2B155BE27458EE4004B1B02 /* Release */,
			);
			defaultConfigurationIsVisible = 0;
			defaultConfigurationName = Release;
		};
/* End XCConfigurationList section */

/* Begin XCSwiftPackageProductDependency section */
		A211D9E02769D3C600C18916 /* SwiftUICharts */ = {
			isa = XCSwiftPackageProductDependency;
			productName = SwiftUICharts;
		};
/* End XCSwiftPackageProductDependency section */
	};
	rootObject = A2B155A627458EE2004B1B02 /* Project object */;
}
